
Microsoft Visual Studio Solution File, Format Version 12.00
# Visual Studio Version 17
VisualStudioVersion = 17.9.34622.214
MinimumVisualStudioVersion = 10.0.40219.1
Project("{9A19103F-16F7-4668-BE54-9A1E7A4F7556}") = "NpiRegistry", "NpiRegistry.csproj", "{B5C652A0-7C4F-437F-B3FE-9A6A875DA4DC}"
EndProject
Global
	GlobalSection(SolutionConfigurationPlatforms) = preSolution
		Debug|Any CPU = Debug|Any CPU
		Release|Any CPU = Release|Any CPU
	EndGlobalSection
	GlobalSection(ProjectConfigurationPlatforms) = postSolution
		{B5C652A0-7C4F-437F-B3FE-9A6A875DA4DC}.Debug|Any CPU.ActiveCfg = Debug|Any CPU
		{B5C652A0-7C4F-437F-B3FE-9A6A875DA4DC}.Debug|Any CPU.Build.0 = Debug|Any CPU
		{B5C652A0-7C4F-437F-B3FE-9A6A875DA4DC}.Release|Any CPU.ActiveCfg = Release|Any CPU
		{B5C652A0-7C4F-437F-B3FE-9A6A875DA4DC}.Release|Any CPU.Build.0 = Release|Any CPU
	EndGlobalSection
	GlobalSection(SolutionProperties) = preSolution
		HideSolutionNode = FALSE
	EndGlobalSection
	GlobalSection(ExtensibilityGlobals) = postSolution
		SolutionGuid = {948C31F3-BD24-406D-8F23-E6F68738BAB2}
	EndGlobalSection
EndGlobal
